
Microsoft Visual Studio Solution File, Format Version 12.00
# Visual Studio Version 17
VisualStudioVersion = 17.5.33424.131
MinimumVisualStudioVersion = 10.0.40219.1
Project("{FAE04EC0-301F-11D3-BF4B-00C04F79EFBC}") = "importantprogram_ConsoleOnly", "importantprogram_ConsoleOnly\importantprogram_ConsoleOnly.csproj", "{1FE080EF-750B-4F7E-B6A3-52F85673764F}"
EndProject
Project("{FAE04EC0-301F-11D3-BF4B-00C04F79EFBC}") = "polindrome_ex1", "polindrome_ex1\polindrome_ex1.csproj", "{2F21620F-8BA1-40B3-A670-D2355895C15C}"
EndProject
Project("{FAE04EC0-301F-11D3-BF4B-00C04F79EFBC}") = "primenumber_ex2", "primenumber_ex2\primenumber_ex2.csproj", "{182BCDFD-6911-4ABF-A673-757BF6476DAA}"
EndProject
Project("{FAE04EC0-301F-11D3-BF4B-00C04F79EFBC}") = "reversestring_ex3", "reversestring_ex3\reversestring_ex3.csproj", "{56D37D2D-1346-4DED-90F0-F2C63690BFE9}"
EndProject
Project("{FAE04EC0-301F-11D3-BF4B-00C04F79EFBC}") = "trianglefromat_ex4", "trianglefromat_ex4\trianglefromat_ex4.csproj", "{6522AEF7-6D8E-4BDB-A94B-5F5D6006C40D}"
EndProject
Global
	GlobalSection(SolutionConfigurationPlatforms) = preSolution
		Debug|Any CPU = Debug|Any CPU
		Release|Any CPU = Release|Any CPU
	EndGlobalSection
	GlobalSection(ProjectConfigurationPlatforms) = postSolution
		{1FE080EF-750B-4F7E-B6A3-52F85673764F}.Debug|Any CPU.ActiveCfg = Debug|Any CPU
		{1FE080EF-750B-4F7E-B6A3-52F85673764F}.Debug|Any CPU.Build.0 = Debug|Any CPU
		{1FE080EF-750B-4F7E-B6A3-52F85673764F}.Release|Any CPU.ActiveCfg = Release|Any CPU
		{1FE080EF-750B-4F7E-B6A3-52F85673764F}.Release|Any CPU.Build.0 = Release|Any CPU
		{2F21620F-8BA1-40B3-A670-D2355895C15C}.Debug|Any CPU.ActiveCfg = Debug|Any CPU
		{2F21620F-8BA1-40B3-A670-D2355895C15C}.Debug|Any CPU.Build.0 = Debug|Any CPU
		{2F21620F-8BA1-40B3-A670-D2355895C15C}.Release|Any CPU.ActiveCfg = Release|Any CPU
		{2F21620F-8BA1-40B3-A670-D2355895C15C}.Release|Any CPU.Build.0 = Release|Any CPU
		{182BCDFD-6911-4ABF-A673-757BF6476DAA}.Debug|Any CPU.ActiveCfg = Debug|Any CPU
		{182BCDFD-6911-4ABF-A673-757BF6476DAA}.Debug|Any CPU.Build.0 = Debug|Any CPU
		{182BCDFD-6911-4ABF-A673-757BF6476DAA}.Release|Any CPU.ActiveCfg = Release|Any CPU
		{182BCDFD-6911-4ABF-A673-757BF6476DAA}.Release|Any CPU.Build.0 = Release|Any CPU
		{56D37D2D-1346-4DED-90F0-F2C63690BFE9}.Debug|Any CPU.ActiveCfg = Debug|Any CPU
		{56D37D2D-1346-4DED-90F0-F2C63690BFE9}.Debug|Any CPU.Build.0 = Debug|Any CPU
		{56D37D2D-1346-4DED-90F0-F2C63690BFE9}.Release|Any CPU.ActiveCfg = Release|Any CPU
		{56D37D2D-1346-4DED-90F0-F2C63690BFE9}.Release|Any CPU.Build.0 = Release|Any CPU
		{6522AEF7-6D8E-4BDB-A94B-5F5D6006C40D}.Debug|Any CPU.ActiveCfg = Debug|Any CPU
		{6522AEF7-6D8E-4BDB-A94B-5F5D6006C40D}.Debug|Any CPU.Build.0 = Debug|Any CPU
		{6522AEF7-6D8E-4BDB-A94B-5F5D6006C40D}.Release|Any CPU.ActiveCfg = Release|Any CPU
		{6522AEF7-6D8E-4BDB-A94B-5F5D6006C40D}.Release|Any CPU.Build.0 = Release|Any CPU
	EndGlobalSection
	GlobalSection(SolutionProperties) = preSolution
		HideSolutionNode = FALSE
	EndGlobalSection
	GlobalSection(ExtensibilityGlobals) = postSolution
		SolutionGuid = {7E318E17-F1BD-4591-BAC5-EF324282E0F6}
	EndGlobalSection
EndGlobal
